// !$*UTF8*$!
{
	archiveVersion = 1;
	classes = {
	};
	objectVersion = 55;
	objects = {

/* Begin PBXBuildFile section */
		8416923028A120000022D2E0 /* LaunchesView.swift in Sources */ = {isa = PBXBuildFile; fileRef = 8416922F28A120000022D2E0 /* LaunchesView.swift */; };
		8479FBE6289E531900F49BA2 /* SpaceX_MissionsApp.swift in Sources */ = {isa = PBXBuildFile; fileRef = 8479FBE5289E531900F49BA2 /* SpaceX_MissionsApp.swift */; };
		8479FBE8289E531900F49BA2 /* MainScreenView.swift in Sources */ = {isa = PBXBuildFile; fileRef = 8479FBE7289E531900F49BA2 /* MainScreenView.swift */; };
		8479FBEA289E531C00F49BA2 /* Assets.xcassets in Resources */ = {isa = PBXBuildFile; fileRef = 8479FBE9289E531C00F49BA2 /* Assets.xcassets */; };
		8479FBED289E531C00F49BA2 /* Preview Assets.xcassets in Resources */ = {isa = PBXBuildFile; fileRef = 8479FBEC289E531C00F49BA2 /* Preview Assets.xcassets */; };
		8479FBF4289E5ED100F49BA2 /* Rocket.swift in Sources */ = {isa = PBXBuildFile; fileRef = 8479FBF3289E5ED100F49BA2 /* Rocket.swift */; };
		8479FBF7289E772100F49BA2 /* Launch.swift in Sources */ = {isa = PBXBuildFile; fileRef = 8479FBF6289E772100F49BA2 /* Launch.swift */; };
		8479FBF9289EB08900F49BA2 /* ViewModel.swift in Sources */ = {isa = PBXBuildFile; fileRef = 8479FBF8289EB08900F49BA2 /* ViewModel.swift */; };
		8479FBFD289FA74E00F49BA2 /* RocketSubView.swift in Sources */ = {isa = PBXBuildFile; fileRef = 8479FBFC289FA74E00F49BA2 /* RocketSubView.swift */; };
		8479FBFF28A00C8300F49BA2 /* RocketNameSubView.swift in Sources */ = {isa = PBXBuildFile; fileRef = 8479FBFE28A00C8300F49BA2 /* RocketNameSubView.swift */; };
		8479FC0128A00E9000F49BA2 /* MainAttributesSubView.swift in Sources */ = {isa = PBXBuildFile; fileRef = 8479FC0028A00E9000F49BA2 /* MainAttributesSubView.swift */; };
		8479FC0328A0288D00F49BA2 /* MoreAttributesSubView.swift in Sources */ = {isa = PBXBuildFile; fileRef = 8479FC0228A0288D00F49BA2 /* MoreAttributesSubView.swift */; };
		8479FC0528A02EC300F49BA2 /* StageSubView.swift in Sources */ = {isa = PBXBuildFile; fileRef = 8479FC0428A02EC300F49BA2 /* StageSubView.swift */; };
		8479FC0728A0F07200F49BA2 /* SettingsView.swift in Sources */ = {isa = PBXBuildFile; fileRef = 8479FC0628A0F07200F49BA2 /* SettingsView.swift */; };
		8479FC0928A102CF00F49BA2 /* Metrics.swift in Sources */ = {isa = PBXBuildFile; fileRef = 8479FC0828A102CF00F49BA2 /* Metrics.swift */; };
		84A4967028A192C8002312EA /* SafeAreaInsets.swift in Sources */ = {isa = PBXBuildFile; fileRef = 84A4966F28A192C8002312EA /* SafeAreaInsets.swift */; };
		84D7D5CE29047E09000D2A7F /* DataManager.swift in Sources */ = {isa = PBXBuildFile; fileRef = 84D7D5CD29047E09000D2A7F /* DataManager.swift */; };
/* End PBXBuildFile section */

/* Begin PBXFileReference section */
		8416922F28A120000022D2E0 /* LaunchesView.swift */ = {isa = PBXFileReference; lastKnownFileType = sourcecode.swift; path = LaunchesView.swift; sourceTree = "<group>"; };
		8479FBE2289E531900F49BA2 /* SpaceX-Missions.app */ = {isa = PBXFileReference; explicitFileType = wrapper.application; includeInIndex = 0; path = "SpaceX-Missions.app"; sourceTree = BUILT_PRODUCTS_DIR; };
		8479FBE5289E531900F49BA2 /* SpaceX_MissionsApp.swift */ = {isa = PBXFileReference; lastKnownFileType = sourcecode.swift; path = SpaceX_MissionsApp.swift; sourceTree = "<group>"; };
		8479FBE7289E531900F49BA2 /* MainScreenView.swift */ = {isa = PBXFileReference; lastKnownFileType = sourcecode.swift; path = MainScreenView.swift; sourceTree = "<group>"; };
		8479FBE9289E531C00F49BA2 /* Assets.xcassets */ = {isa = PBXFileReference; lastKnownFileType = folder.assetcatalog; path = Assets.xcassets; sourceTree = "<group>"; };
		8479FBEC289E531C00F49BA2 /* Preview Assets.xcassets */ = {isa = PBXFileReference; lastKnownFileType = folder.assetcatalog; path = "Preview Assets.xcassets"; sourceTree = "<group>"; };
		8479FBF3289E5ED100F49BA2 /* Rocket.swift */ = {isa = PBXFileReference; lastKnownFileType = sourcecode.swift; path = Rocket.swift; sourceTree = "<group>"; };
		8479FBF6289E772100F49BA2 /* Launch.swift */ = {isa = PBXFileReference; lastKnownFileType = sourcecode.swift; path = Launch.swift; sourceTree = "<group>"; };
		8479FBF8289EB08900F49BA2 /* ViewModel.swift */ = {isa = PBXFileReference; lastKnownFileType = sourcecode.swift; path = ViewModel.swift; sourceTree = "<group>"; };
		8479FBFC289FA74E00F49BA2 /* RocketSubView.swift */ = {isa = PBXFileReference; lastKnownFileType = sourcecode.swift; path = RocketSubView.swift; sourceTree = "<group>"; };
		8479FBFE28A00C8300F49BA2 /* RocketNameSubView.swift */ = {isa = PBXFileReference; lastKnownFileType = sourcecode.swift; path = RocketNameSubView.swift; sourceTree = "<group>"; };
		8479FC0028A00E9000F49BA2 /* MainAttributesSubView.swift */ = {isa = PBXFileReference; lastKnownFileType = sourcecode.swift; path = MainAttributesSubView.swift; sourceTree = "<group>"; };
		8479FC0228A0288D00F49BA2 /* MoreAttributesSubView.swift */ = {isa = PBXFileReference; lastKnownFileType = sourcecode.swift; path = MoreAttributesSubView.swift; sourceTree = "<group>"; };
		8479FC0428A02EC300F49BA2 /* StageSubView.swift */ = {isa = PBXFileReference; lastKnownFileType = sourcecode.swift; path = StageSubView.swift; sourceTree = "<group>"; };
		8479FC0628A0F07200F49BA2 /* SettingsView.swift */ = {isa = PBXFileReference; lastKnownFileType = sourcecode.swift; path = SettingsView.swift; sourceTree = "<group>"; };
		8479FC0828A102CF00F49BA2 /* Metrics.swift */ = {isa = PBXFileReference; lastKnownFileType = sourcecode.swift; path = Metrics.swift; sourceTree = "<group>"; };
		84A4966F28A192C8002312EA /* SafeAreaInsets.swift */ = {isa = PBXFileReference; lastKnownFileType = sourcecode.swift; path = SafeAreaInsets.swift; sourceTree = "<group>"; };
		84D7D5CD29047E09000D2A7F /* DataManager.swift */ = {isa = PBXFileReference; lastKnownFileType = sourcecode.swift; path = DataManager.swift; sourceTree = "<group>"; };
/* End PBXFileReference section */

/* Begin PBXFrameworksBuildPhase section */
		8479FBDF289E531900F49BA2 /* Frameworks */ = {
			isa = PBXFrameworksBuildPhase;
			buildActionMask = 2147483647;
			files = (
			);
			runOnlyForDeploymentPostprocessing = 0;
		};
/* End PBXFrameworksBuildPhase section */

/* Begin PBXGroup section */
		8479FBD9289E531900F49BA2 = {
			isa = PBXGroup;
			children = (
				8479FBE4289E531900F49BA2 /* SpaceX-Missions */,
				8479FBE3289E531900F49BA2 /* Products */,
			);
			sourceTree = "<group>";
		};
		8479FBE3289E531900F49BA2 /* Products */ = {
			isa = PBXGroup;
			children = (
				8479FBE2289E531900F49BA2 /* SpaceX-Missions.app */,
			);
			name = Products;
			sourceTree = "<group>";
		};
		8479FBE4289E531900F49BA2 /* SpaceX-Missions */ = {
			isa = PBXGroup;
			children = (
				8479FBE5289E531900F49BA2 /* SpaceX_MissionsApp.swift */,
				84D7D5CC29047DC9000D2A7F /* ViewExtensions */,
				84D7D5CB29047D9F000D2A7F /* Utilities */,
				8479FBFB289FA73A00F49BA2 /* Views */,
				8479FBFA289EB09000F49BA2 /* ViewModels */,
				8479FBF5289E5EDF00F49BA2 /* Models */,
				8479FBE9289E531C00F49BA2 /* Assets.xcassets */,
				8479FBEB289E531C00F49BA2 /* Preview Content */,
			);
			path = "SpaceX-Missions";
			sourceTree = "<group>";
		};
		8479FBEB289E531C00F49BA2 /* Preview Content */ = {
			isa = PBXGroup;
			children = (
				8479FBEC289E531C00F49BA2 /* Preview Assets.xcassets */,
			);
			path = "Preview Content";
			sourceTree = "<group>";
		};
		8479FBF5289E5EDF00F49BA2 /* Models */ = {
			isa = PBXGroup;
			children = (
				8479FBF3289E5ED100F49BA2 /* Rocket.swift */,
				8479FBF6289E772100F49BA2 /* Launch.swift */,
				8479FC0828A102CF00F49BA2 /* Metrics.swift */,
			);
			path = Models;
			sourceTree = "<group>";
		};
		8479FBFA289EB09000F49BA2 /* ViewModels */ = {
			isa = PBXGroup;
			children = (
				8479FBF8289EB08900F49BA2 /* ViewModel.swift */,
			);
			path = ViewModels;
			sourceTree = "<group>";
		};
		8479FBFB289FA73A00F49BA2 /* Views */ = {
			isa = PBXGroup;
			children = (
				84D7D5C72901F423000D2A7F /* MainScreenView */,
				8479FC0628A0F07200F49BA2 /* SettingsView.swift */,
				8416922F28A120000022D2E0 /* LaunchesView.swift */,
			);
			path = Views;
			sourceTree = "<group>";
		};
		84D7D5C72901F423000D2A7F /* MainScreenView */ = {
			isa = PBXGroup;
			children = (
				8479FBE7289E531900F49BA2 /* MainScreenView.swift */,
				8479FBFC289FA74E00F49BA2 /* RocketSubView.swift */,
				8479FBFE28A00C8300F49BA2 /* RocketNameSubView.swift */,
				8479FC0028A00E9000F49BA2 /* MainAttributesSubView.swift */,
				8479FC0228A0288D00F49BA2 /* MoreAttributesSubView.swift */,
				8479FC0428A02EC300F49BA2 /* StageSubView.swift */,
			);
			path = MainScreenView;
			sourceTree = "<group>";
		};
		84D7D5CB29047D9F000D2A7F /* Utilities */ = {
			isa = PBXGroup;
			children = (
				84D7D5CD29047E09000D2A7F /* DataManager.swift */,
			);
			path = Utilities;
			sourceTree = "<group>";
		};
		84D7D5CC29047DC9000D2A7F /* ViewExtensions */ = {
			isa = PBXGroup;
			children = (
				84A4966F28A192C8002312EA /* SafeAreaInsets.swift */,
			);
			path = ViewExtensions;
			sourceTree = "<group>";
		};
/* End PBXGroup section */

/* Begin PBXNativeTarget section */
		8479FBE1289E531900F49BA2 /* SpaceX-Missions */ = {
			isa = PBXNativeTarget;
			buildConfigurationList = 8479FBF0289E531C00F49BA2 /* Build configuration list for PBXNativeTarget "SpaceX-Missions" */;
			buildPhases = (
				8479FBDE289E531900F49BA2 /* Sources */,
				8479FBDF289E531900F49BA2 /* Frameworks */,
				8479FBE0289E531900F49BA2 /* Resources */,
			);
			buildRules = (
			);
			dependencies = (
			);
			name = "SpaceX-Missions";
			productName = "SpaceX-Missions";
			productReference = 8479FBE2289E531900F49BA2 /* SpaceX-Missions.app */;
			productType = "com.apple.product-type.application";
		};
/* End PBXNativeTarget section */

/* Begin PBXProject section */
		8479FBDA289E531900F49BA2 /* Project object */ = {
			isa = PBXProject;
			attributes = {
				BuildIndependentTargetsInParallel = 1;
				LastSwiftUpdateCheck = 1340;
				LastUpgradeCheck = 1340;
				TargetAttributes = {
					8479FBE1289E531900F49BA2 = {
						CreatedOnToolsVersion = 13.4.1;
					};
				};
			};
			buildConfigurationList = 8479FBDD289E531900F49BA2 /* Build configuration list for PBXProject "SpaceX-Missions" */;
			compatibilityVersion = "Xcode 13.0";
			developmentRegion = en;
			hasScannedForEncodings = 0;
			knownRegions = (
				en,
				Base,
			);
			mainGroup = 8479FBD9289E531900F49BA2;
			productRefGroup = 8479FBE3289E531900F49BA2 /* Products */;
			projectDirPath = "";
			projectRoot = "";
			targets = (
				8479FBE1289E531900F49BA2 /* SpaceX-Missions */,
			);
		};
/* End PBXProject section */

/* Begin PBXResourcesBuildPhase section */
		8479FBE0289E531900F49BA2 /* Resources */ = {
			isa = PBXResourcesBuildPhase;
			buildActionMask = 2147483647;
			files = (
				8479FBED289E531C00F49BA2 /* Preview Assets.xcassets in Resources */,
				8479FBEA289E531C00F49BA2 /* Assets.xcassets in Resources */,
			);
			runOnlyForDeploymentPostprocessing = 0;
		};
/* End PBXResourcesBuildPhase section */

/* Begin PBXSourcesBuildPhase section */
		8479FBDE289E531900F49BA2 /* Sources */ = {
			isa = PBXSourcesBuildPhase;
			buildActionMask = 2147483647;
			files = (
				8479FC0328A0288D00F49BA2 /* MoreAttributesSubView.swift in Sources */,
				84D7D5CE29047E09000D2A7F /* DataManager.swift in Sources */,
				8479FBFD289FA74E00F49BA2 /* RocketSubView.swift in Sources */,
				8479FBFF28A00C8300F49BA2 /* RocketNameSubView.swift in Sources */,
				8416923028A120000022D2E0 /* LaunchesView.swift in Sources */,
				8479FC0128A00E9000F49BA2 /* MainAttributesSubView.swift in Sources */,
				8479FBF9289EB08900F49BA2 /* ViewModel.swift in Sources */,
				8479FC0528A02EC300F49BA2 /* StageSubView.swift in Sources */,
				8479FBF4289E5ED100F49BA2 /* Rocket.swift in Sources */,
				8479FC0928A102CF00F49BA2 /* Metrics.swift in Sources */,
				8479FBE8289E531900F49BA2 /* MainScreenView.swift in Sources */,
				8479FBF7289E772100F49BA2 /* Launch.swift in Sources */,
				8479FBE6289E531900F49BA2 /* SpaceX_MissionsApp.swift in Sources */,
				8479FC0728A0F07200F49BA2 /* SettingsView.swift in Sources */,
				84A4967028A192C8002312EA /* SafeAreaInsets.swift in Sources */,
			);
			runOnlyForDeploymentPostprocessing = 0;
		};
/* End PBXSourcesBuildPhase section */

/* Begin XCBuildConfiguration section */
		8479FBEE289E531C00F49BA2 /* Debug */ = {
			isa = XCBuildConfiguration;
			buildSettings = {
				ALWAYS_SEARCH_USER_PATHS = NO;
				CLANG_ANALYZER_NONNULL = YES;
				CLANG_ANALYZER_NUMBER_OBJECT_CONVERSION = YES_AGGRESSIVE;
				CLANG_CXX_LANGUAGE_STANDARD = "gnu++17";
				CLANG_ENABLE_MODULES = YES;
				CLANG_ENABLE_OBJC_ARC = YES;
				CLANG_ENABLE_OBJC_WEAK = YES;
				CLANG_WARN_BLOCK_CAPTURE_AUTORELEASING = YES;
				CLANG_WARN_BOOL_CONVERSION = YES;
				CLANG_WARN_COMMA = YES;
				CLANG_WARN_CONSTANT_CONVERSION = YES;
				CLANG_WARN_DEPRECATED_OBJC_IMPLEMENTATIONS = YES;
				CLANG_WARN_DIRECT_OBJC_ISA_USAGE = YES_ERROR;
				CLANG_WARN_DOCUMENTATION_COMMENTS = YES;
				CLANG_WARN_EMPTY_BODY = YES;
				CLANG_WARN_ENUM_CONVERSION = YES;
				CLANG_WARN_INFINITE_RECURSION = YES;
				CLANG_WARN_INT_CONVERSION = YES;
				CLANG_WARN_NON_LITERAL_NULL_CONVERSION = YES;
				CLANG_WARN_OBJC_IMPLICIT_RETAIN_SELF = YES;
				CLANG_WARN_OBJC_LITERAL_CONVERSION = YES;
				CLANG_WARN_OBJC_ROOT_CLASS = YES_ERROR;
				CLANG_WARN_QUOTED_INCLUDE_IN_FRAMEWORK_HEADER = YES;
				CLANG_WARN_RANGE_LOOP_ANALYSIS = YES;
				CLANG_WARN_STRICT_PROTOTYPES = YES;
				CLANG_WARN_SUSPICIOUS_MOVE = YES;
				CLANG_WARN_UNGUARDED_AVAILABILITY = YES_AGGRESSIVE;
				CLANG_WARN_UNREACHABLE_CODE = YES;
				CLANG_WARN__DUPLICATE_METHOD_MATCH = YES;
				COPY_PHASE_STRIP = NO;
				DEBUG_INFORMATION_FORMAT = dwarf;
				ENABLE_STRICT_OBJC_MSGSEND = YES;
				ENABLE_TESTABILITY = YES;
				GCC_C_LANGUAGE_STANDARD = gnu11;
				GCC_DYNAMIC_NO_PIC = NO;
				GCC_NO_COMMON_BLOCKS = YES;
				GCC_OPTIMIZATION_LEVEL = 0;
				GCC_PREPROCESSOR_DEFINITIONS = (
					"DEBUG=1",
					"$(inherited)",
				);
				GCC_WARN_64_TO_32_BIT_CONVERSION = YES;
				GCC_WARN_ABOUT_RETURN_TYPE = YES_ERROR;
				GCC_WARN_UNDECLARED_SELECTOR = YES;
				GCC_WARN_UNINITIALIZED_AUTOS = YES_AGGRESSIVE;
				GCC_WARN_UNUSED_FUNCTION = YES;
				GCC_WARN_UNUSED_VARIABLE = YES;
				IPHONEOS_DEPLOYMENT_TARGET = 15.5;
				MTL_ENABLE_DEBUG_INFO = INCLUDE_SOURCE;
				MTL_FAST_MATH = YES;
				ONLY_ACTIVE_ARCH = YES;
				SDKROOT = iphoneos;
				SWIFT_ACTIVE_COMPILATION_CONDITIONS = DEBUG;
				SWIFT_OPTIMIZATION_LEVEL = "-Onone";
			};
			name = Debug;
		};
		8479FBEF289E531C00F49BA2 /* Release */ = {
			isa = XCBuildConfiguration;
			buildSettings = {
				ALWAYS_SEARCH_USER_PATHS = NO;
				CLANG_ANALYZER_NONNULL = YES;
				CLANG_ANALYZER_NUMBER_OBJECT_CONVERSION = YES_AGGRESSIVE;
				CLANG_CXX_LANGUAGE_STANDARD = "gnu++17";
				CLANG_ENABLE_MODULES = YES;
				CLANG_ENABLE_OBJC_ARC = YES;
				CLANG_ENABLE_OBJC_WEAK = YES;
				CLANG_WARN_BLOCK_CAPTURE_AUTORELEASING = YES;
				CLANG_WARN_BOOL_CONVERSION = YES;
				CLANG_WARN_COMMA = YES;
				CLANG_WARN_CONSTANT_CONVERSION = YES;
				CLANG_WARN_DEPRECATED_OBJC_IMPLEMENTATIONS = YES;
				CLANG_WARN_DIRECT_OBJC_ISA_USAGE = YES_ERROR;
				CLANG_WARN_DOCUMENTATION_COMMENTS = YES;
				CLANG_WARN_EMPTY_BODY = YES;
				CLANG_WARN_ENUM_CONVERSION = YES;
				CLANG_WARN_INFINITE_RECURSION = YES;
				CLANG_WARN_INT_CONVERSION = YES;
				CLANG_WARN_NON_LITERAL_NULL_CONVERSION = YES;
				CLANG_WARN_OBJC_IMPLICIT_RETAIN_SELF = YES;
				CLANG_WARN_OBJC_LITERAL_CONVERSION = YES;
				CLANG_WARN_OBJC_ROOT_CLASS = YES_ERROR;
				CLANG_WARN_QUOTED_INCLUDE_IN_FRAMEWORK_HEADER = YES;
				CLANG_WARN_RANGE_LOOP_ANALYSIS = YES;
				CLANG_WARN_STRICT_PROTOTYPES = YES;
				CLANG_WARN_SUSPICIOUS_MOVE = YES;
				CLANG_WARN_UNGUARDED_AVAILABILITY = YES_AGGRESSIVE;
				CLANG_WARN_UNREACHABLE_CODE = YES;
				CLANG_WARN__DUPLICATE_METHOD_MATCH = YES;
				COPY_PHASE_STRIP = NO;
				DEBUG_INFORMATION_FORMAT = "dwarf-with-dsym";
				ENABLE_NS_ASSERTIONS = NO;
				ENABLE_STRICT_OBJC_MSGSEND = YES;
				GCC_C_LANGUAGE_STANDARD = gnu11;
				GCC_NO_COMMON_BLOCKS = YES;
				GCC_WARN_64_TO_32_BIT_CONVERSION = YES;
				GCC_WARN_ABOUT_RETURN_TYPE = YES_ERROR;
				GCC_WARN_UNDECLARED_SELECTOR = YES;
				GCC_WARN_UNINITIALIZED_AUTOS = YES_AGGRESSIVE;
				GCC_WARN_UNUSED_FUNCTION = YES;
				GCC_WARN_UNUSED_VARIABLE = YES;
				IPHONEOS_DEPLOYMENT_TARGET = 15.5;
				MTL_ENABLE_DEBUG_INFO = NO;
				MTL_FAST_MATH = YES;
				SDKROOT = iphoneos;
				SWIFT_COMPILATION_MODE = wholemodule;
				SWIFT_OPTIMIZATION_LEVEL = "-O";
				VALIDATE_PRODUCT = YES;
			};
			name = Release;
		};
		8479FBF1289E531C00F49BA2 /* Debug */ = {
			isa = XCBuildConfiguration;
			buildSettings = {
				ASSETCATALOG_COMPILER_APPICON_NAME = AppIcon;
				ASSETCATALOG_COMPILER_GLOBAL_ACCENT_COLOR_NAME = AccentColor;
				CODE_SIGN_STYLE = Automatic;
				CURRENT_PROJECT_VERSION = 1;
				DEVELOPMENT_ASSET_PATHS = "\"SpaceX-Missions/Preview Content\"";
				DEVELOPMENT_TEAM = BQWDR6V5R2;
				ENABLE_PREVIEWS = YES;
				GENERATE_INFOPLIST_FILE = YES;
				INFOPLIST_KEY_UIApplicationSceneManifest_Generation = YES;
				INFOPLIST_KEY_UIApplicationSupportsIndirectInputEvents = YES;
				INFOPLIST_KEY_UILaunchScreen_Generation = YES;
				INFOPLIST_KEY_UISupportedInterfaceOrientations_iPad = "UIInterfaceOrientationPortrait UIInterfaceOrientationPortraitUpsideDown";
				INFOPLIST_KEY_UISupportedInterfaceOrientations_iPhone = UIInterfaceOrientationPortrait;
				LD_RUNPATH_SEARCH_PATHS = (
					"$(inherited)",
					"@executable_path/Frameworks",
				);
				MARKETING_VERSION = 1.0;
				PRODUCT_BUNDLE_IDENTIFIER = "UA.Barbaruk.Maksim.SpaceX-Missions";
				PRODUCT_NAME = "$(TARGET_NAME)";
				SWIFT_EMIT_LOC_STRINGS = YES;
				SWIFT_VERSION = 5.0;
				TARGETED_DEVICE_FAMILY = "1,2";
			};
			name = Debug;
		};
		8479FBF2289E531C00F49BA2 /* Release */ = {
			isa = XCBuildConfiguration;
			buildSettings = {
				ASSETCATALOG_COMPILER_APPICON_NAME = AppIcon;
				ASSETCATALOG_COMPILER_GLOBAL_ACCENT_COLOR_NAME = AccentColor;
				CODE_SIGN_STYLE = Automatic;
				CURRENT_PROJECT_VERSION = 1;
				DEVELOPMENT_ASSET_PATHS = "\"SpaceX-Missions/Preview Content\"";
				DEVELOPMENT_TEAM = BQWDR6V5R2;
				ENABLE_PREVIEWS = YES;
				GENERATE_INFOPLIST_FILE = YES;
				INFOPLIST_KEY_UIApplicationSceneManifest_Generation = YES;
				INFOPLIST_KEY_UIApplicationSupportsIndirectInputEvents = YES;
				INFOPLIST_KEY_UILaunchScreen_Generation = YES;
				INFOPLIST_KEY_UISupportedInterfaceOrientations_iPad = "UIInterfaceOrientationPortrait UIInterfaceOrientationPortraitUpsideDown";
				INFOPLIST_KEY_UISupportedInterfaceOrientations_iPhone = UIInterfaceOrientationPortrait;
				LD_RUNPATH_SEARCH_PATHS = (
					"$(inherited)",
					"@executable_path/Frameworks",
				);
				MARKETING_VERSION = 1.0;
				PRODUCT_BUNDLE_IDENTIFIER = "UA.Barbaruk.Maksim.SpaceX-Missions";
				PRODUCT_NAME = "$(TARGET_NAME)";
				SWIFT_EMIT_LOC_STRINGS = YES;
				SWIFT_VERSION = 5.0;
				TARGETED_DEVICE_FAMILY = "1,2";
			};
			name = Release;
		};
/* End XCBuildConfiguration section */

/* Begin XCConfigurationList section */
		8479FBDD289E531900F49BA2 /* Build configuration list for PBXProject "SpaceX-Missions" */ = {
			isa = XCConfigurationList;
			buildConfigurations = (
				8479FBEE289E531C00F49BA2 /* Debug */,
				8479FBEF289E531C00F49BA2 /* Release */,
			);
			defaultConfigurationIsVisible = 0;
			defaultConfigurationName = Release;
		};
		8479FBF0289E531C00F49BA2 /* Build configuration list for PBXNativeTarget "SpaceX-Missions" */ = {
			isa = XCConfigurationList;
			buildConfigurations = (
				8479FBF1289E531C00F49BA2 /* Debug */,
				8479FBF2289E531C00F49BA2 /* Release */,
			);
			defaultConfigurationIsVisible = 0;
			defaultConfigurationName = Release;
		};
/* End XCConfigurationList section */
	};
	rootObject = 8479FBDA289E531900F49BA2 /* Project object */;
}
